// !$*UTF8*$!
{
	archiveVersion = 1;
	classes = {
	};
	objectVersion = 50;
	objects = {

/* Begin PBXBuildFile section */
		FBCCC24E2535E3AB009E684D /* AppDelegate.swift in Sources */ = {isa = PBXBuildFile; fileRef = FBCCC24D2535E3AB009E684D /* AppDelegate.swift */; };
		FBCCC2502535E3AB009E684D /* SceneDelegate.swift in Sources */ = {isa = PBXBuildFile; fileRef = FBCCC24F2535E3AB009E684D /* SceneDelegate.swift */; };
		FBCCC2522535E3AB009E684D /* ContentView.swift in Sources */ = {isa = PBXBuildFile; fileRef = FBCCC2512535E3AB009E684D /* ContentView.swift */; };
		FBCCC2542535E3AD009E684D /* Assets.xcassets in Resources */ = {isa = PBXBuildFile; fileRef = FBCCC2532535E3AD009E684D /* Assets.xcassets */; };
		FBCCC2572535E3AD009E684D /* Preview Assets.xcassets in Resources */ = {isa = PBXBuildFile; fileRef = FBCCC2562535E3AD009E684D /* Preview Assets.xcassets */; };
		FBCCC25A2535E3AD009E684D /* LaunchScreen.storyboard in Resources */ = {isa = PBXBuildFile; fileRef = FBCCC2582535E3AD009E684D /* LaunchScreen.storyboard */; };
		FBCCC2632535E3EC009E684D /* missions.json in Resources */ = {isa = PBXBuildFile; fileRef = FBCCC2612535E3EC009E684D /* missions.json */; };
		FBCCC2642535E3EC009E684D /* astronauts.json in Resources */ = {isa = PBXBuildFile; fileRef = FBCCC2622535E3EC009E684D /* astronauts.json */; };
		FBCCC2662535F1FB009E684D /* Astronaut.swift in Sources */ = {isa = PBXBuildFile; fileRef = FBCCC2652535F1FB009E684D /* Astronaut.swift */; };
		FBCCC2682535F2C1009E684D /* Bundle-Decodable.swift in Sources */ = {isa = PBXBuildFile; fileRef = FBCCC2672535F2C1009E684D /* Bundle-Decodable.swift */; };
		FBCCC26A25361C35009E684D /* Mission.swift in Sources */ = {isa = PBXBuildFile; fileRef = FBCCC26925361C35009E684D /* Mission.swift */; };
		FBCCC27025372D33009E684D /* MissionView.swift in Sources */ = {isa = PBXBuildFile; fileRef = FBCCC26F25372D33009E684D /* MissionView.swift */; };
		FBCCC272253769E7009E684D /* AstronautView.swift in Sources */ = {isa = PBXBuildFile; fileRef = FBCCC271253769E7009E684D /* AstronautView.swift */; };
		FBCCC27C253B526A009E684D /* Astronauts.swift in Sources */ = {isa = PBXBuildFile; fileRef = FBCCC27B253B526A009E684D /* Astronauts.swift */; };
		FBCCC27E253B5276009E684D /* Missions.swift in Sources */ = {isa = PBXBuildFile; fileRef = FBCCC27D253B5276009E684D /* Missions.swift */; };
/* End PBXBuildFile section */

/* Begin PBXFileReference section */
		FBCCC24A2535E3AB009E684D /* SwiftUI-Moonshot.app */ = {isa = PBXFileReference; explicitFileType = wrapper.application; includeInIndex = 0; path = "SwiftUI-Moonshot.app"; sourceTree = BUILT_PRODUCTS_DIR; };
		FBCCC24D2535E3AB009E684D /* AppDelegate.swift */ = {isa = PBXFileReference; lastKnownFileType = sourcecode.swift; path = AppDelegate.swift; sourceTree = "<group>"; };
		FBCCC24F2535E3AB009E684D /* SceneDelegate.swift */ = {isa = PBXFileReference; lastKnownFileType = sourcecode.swift; path = SceneDelegate.swift; sourceTree = "<group>"; };
		FBCCC2512535E3AB009E684D /* ContentView.swift */ = {isa = PBXFileReference; lastKnownFileType = sourcecode.swift; path = ContentView.swift; sourceTree = "<group>"; };
		FBCCC2532535E3AD009E684D /* Assets.xcassets */ = {isa = PBXFileReference; lastKnownFileType = folder.assetcatalog; path = Assets.xcassets; sourceTree = "<group>"; };
		FBCCC2562535E3AD009E684D /* Preview Assets.xcassets */ = {isa = PBXFileReference; lastKnownFileType = folder.assetcatalog; path = "Preview Assets.xcassets"; sourceTree = "<group>"; };
		FBCCC2592535E3AD009E684D /* Base */ = {isa = PBXFileReference; lastKnownFileType = file.storyboard; name = Base; path = Base.lproj/LaunchScreen.storyboard; sourceTree = "<group>"; };
		FBCCC25B2535E3AD009E684D /* Info.plist */ = {isa = PBXFileReference; lastKnownFileType = text.plist.xml; path = Info.plist; sourceTree = "<group>"; };
		FBCCC2612535E3EC009E684D /* missions.json */ = {isa = PBXFileReference; fileEncoding = 4; lastKnownFileType = text.json; path = missions.json; sourceTree = "<group>"; };
		FBCCC2622535E3EC009E684D /* astronauts.json */ = {isa = PBXFileReference; fileEncoding = 4; lastKnownFileType = text.json; path = astronauts.json; sourceTree = "<group>"; };
		FBCCC2652535F1FB009E684D /* Astronaut.swift */ = {isa = PBXFileReference; lastKnownFileType = sourcecode.swift; path = Astronaut.swift; sourceTree = "<group>"; };
		FBCCC2672535F2C1009E684D /* Bundle-Decodable.swift */ = {isa = PBXFileReference; lastKnownFileType = sourcecode.swift; path = "Bundle-Decodable.swift"; sourceTree = "<group>"; };
		FBCCC26925361C35009E684D /* Mission.swift */ = {isa = PBXFileReference; lastKnownFileType = sourcecode.swift; path = Mission.swift; sourceTree = "<group>"; };
		FBCCC26F25372D33009E684D /* MissionView.swift */ = {isa = PBXFileReference; lastKnownFileType = sourcecode.swift; path = MissionView.swift; sourceTree = "<group>"; };
		FBCCC271253769E7009E684D /* AstronautView.swift */ = {isa = PBXFileReference; lastKnownFileType = sourcecode.swift; path = AstronautView.swift; sourceTree = "<group>"; };
		FBCCC27B253B526A009E684D /* Astronauts.swift */ = {isa = PBXFileReference; lastKnownFileType = sourcecode.swift; path = Astronauts.swift; sourceTree = "<group>"; };
		FBCCC27D253B5276009E684D /* Missions.swift */ = {isa = PBXFileReference; lastKnownFileType = sourcecode.swift; path = Missions.swift; sourceTree = "<group>"; };
/* End PBXFileReference section */

/* Begin PBXFrameworksBuildPhase section */
		FBCCC2472535E3AB009E684D /* Frameworks */ = {
			isa = PBXFrameworksBuildPhase;
			buildActionMask = 2147483647;
			files = (
			);
			runOnlyForDeploymentPostprocessing = 0;
		};
/* End PBXFrameworksBuildPhase section */

/* Begin PBXGroup section */
		FBCCC2412535E3AB009E684D = {
			isa = PBXGroup;
			children = (
				FBCCC24C2535E3AB009E684D /* SwiftUI-Moonshot */,
				FBCCC24B2535E3AB009E684D /* Products */,
			);
			sourceTree = "<group>";
		};
		FBCCC24B2535E3AB009E684D /* Products */ = {
			isa = PBXGroup;
			children = (
				FBCCC24A2535E3AB009E684D /* SwiftUI-Moonshot.app */,
			);
			name = Products;
			sourceTree = "<group>";
		};
		FBCCC24C2535E3AB009E684D /* SwiftUI-Moonshot */ = {
			isa = PBXGroup;
			children = (
				FBCCC24D2535E3AB009E684D /* AppDelegate.swift */,
				FBCCC24F2535E3AB009E684D /* SceneDelegate.swift */,
				FBCCC277253B520F009E684D /* View */,
				FBCCC2532535E3AD009E684D /* Assets.xcassets */,
				FBCCC2582535E3AD009E684D /* LaunchScreen.storyboard */,
				FBCCC2622535E3EC009E684D /* astronauts.json */,
				FBCCC2612535E3EC009E684D /* missions.json */,
				FBCCC25B2535E3AD009E684D /* Info.plist */,
				FBCCC2552535E3AD009E684D /* Preview Content */,
				FBCCC278253B523B009E684D /* Modal */,
				FBCCC2672535F2C1009E684D /* Bundle-Decodable.swift */,
			);
			path = "SwiftUI-Moonshot";
			sourceTree = "<group>";
		};
		FBCCC2552535E3AD009E684D /* Preview Content */ = {
			isa = PBXGroup;
			children = (
				FBCCC2562535E3AD009E684D /* Preview Assets.xcassets */,
			);
			path = "Preview Content";
			sourceTree = "<group>";
		};
		FBCCC277253B520F009E684D /* View */ = {
			isa = PBXGroup;
			children = (
				FBCCC2512535E3AB009E684D /* ContentView.swift */,
				FBCCC26F25372D33009E684D /* MissionView.swift */,
				FBCCC271253769E7009E684D /* AstronautView.swift */,
			);
			path = View;
			sourceTree = "<group>";
		};
		FBCCC278253B523B009E684D /* Modal */ = {
			isa = PBXGroup;
			children = (
				FBCCC2652535F1FB009E684D /* Astronaut.swift */,
				FBCCC27B253B526A009E684D /* Astronauts.swift */,
				FBCCC26925361C35009E684D /* Mission.swift */,
				FBCCC27D253B5276009E684D /* Missions.swift */,
			);
			path = Modal;
			sourceTree = "<group>";
		};
/* End PBXGroup section */

/* Begin PBXNativeTarget section */
		FBCCC2492535E3AB009E684D /* SwiftUI-Moonshot */ = {
			isa = PBXNativeTarget;
			buildConfigurationList = FBCCC25E2535E3AD009E684D /* Build configuration list for PBXNativeTarget "SwiftUI-Moonshot" */;
			buildPhases = (
				FBCCC2462535E3AB009E684D /* Sources */,
				FBCCC2472535E3AB009E684D /* Frameworks */,
				FBCCC2482535E3AB009E684D /* Resources */,
			);
			buildRules = (
			);
			dependencies = (
			);
			name = "SwiftUI-Moonshot";
			productName = "SwiftUI-Moonshot";
			productReference = FBCCC24A2535E3AB009E684D /* SwiftUI-Moonshot.app */;
			productType = "com.apple.product-type.application";
		};
/* End PBXNativeTarget section */

/* Begin PBXProject section */
		FBCCC2422535E3AB009E684D /* Project object */ = {
			isa = PBXProject;
			attributes = {
				LastSwiftUpdateCheck = 1120;
				LastUpgradeCheck = 1120;
				ORGANIZATIONNAME = "Deniz Cengiz";
				TargetAttributes = {
					FBCCC2492535E3AB009E684D = {
						CreatedOnToolsVersion = 11.2;
					};
				};
			};
			buildConfigurationList = FBCCC2452535E3AB009E684D /* Build configuration list for PBXProject "SwiftUI-Moonshot" */;
			compatibilityVersion = "Xcode 9.3";
			developmentRegion = en;
			hasScannedForEncodings = 0;
			knownRegions = (
				en,
				Base,
			);
			mainGroup = FBCCC2412535E3AB009E684D;
			productRefGroup = FBCCC24B2535E3AB009E684D /* Products */;
			projectDirPath = "";
			projectRoot = "";
			targets = (
				FBCCC2492535E3AB009E684D /* SwiftUI-Moonshot */,
			);
		};
/* End PBXProject section */

/* Begin PBXResourcesBuildPhase section */
		FBCCC2482535E3AB009E684D /* Resources */ = {
			isa = PBXResourcesBuildPhase;
			buildActionMask = 2147483647;
			files = (
				FBCCC25A2535E3AD009E684D /* LaunchScreen.storyboard in Resources */,
				FBCCC2572535E3AD009E684D /* Preview Assets.xcassets in Resources */,
				FBCCC2632535E3EC009E684D /* missions.json in Resources */,
				FBCCC2642535E3EC009E684D /* astronauts.json in Resources */,
				FBCCC2542535E3AD009E684D /* Assets.xcassets in Resources */,
			);
			runOnlyForDeploymentPostprocessing = 0;
		};
/* End PBXResourcesBuildPhase section */

/* Begin PBXSourcesBuildPhase section */
		FBCCC2462535E3AB009E684D /* Sources */ = {
			isa = PBXSourcesBuildPhase;
			buildActionMask = 2147483647;
			files = (
				FBCCC27025372D33009E684D /* MissionView.swift in Sources */,
				FBCCC27C253B526A009E684D /* Astronauts.swift in Sources */,
				FBCCC27E253B5276009E684D /* Missions.swift in Sources */,
				FBCCC26A25361C35009E684D /* Mission.swift in Sources */,
				FBCCC272253769E7009E684D /* AstronautView.swift in Sources */,
				FBCCC24E2535E3AB009E684D /* AppDelegate.swift in Sources */,
				FBCCC2502535E3AB009E684D /* SceneDelegate.swift in Sources */,
				FBCCC2682535F2C1009E684D /* Bundle-Decodable.swift in Sources */,
				FBCCC2522535E3AB009E684D /* ContentView.swift in Sources */,
				FBCCC2662535F1FB009E684D /* Astronaut.swift in Sources */,
			);
			runOnlyForDeploymentPostprocessing = 0;
		};
/* End PBXSourcesBuildPhase section */

/* Begin PBXVariantGroup section */
		FBCCC2582535E3AD009E684D /* LaunchScreen.storyboard */ = {
			isa = PBXVariantGroup;
			children = (
				FBCCC2592535E3AD009E684D /* Base */,
			);
			name = LaunchScreen.storyboard;
			sourceTree = "<group>";
		};
/* End PBXVariantGroup section */

/* Begin XCBuildConfiguration section */
		FBCCC25C2535E3AD009E684D /* Debug */ = {
			isa = XCBuildConfiguration;
			buildSettings = {
				ALWAYS_SEARCH_USER_PATHS = NO;
				CLANG_ANALYZER_NONNULL = YES;
				CLANG_ANALYZER_NUMBER_OBJECT_CONVERSION = YES_AGGRESSIVE;
				CLANG_CXX_LANGUAGE_STANDARD = "gnu++14";
				CLANG_CXX_LIBRARY = "libc++";
				CLANG_ENABLE_MODULES = YES;
				CLANG_ENABLE_OBJC_ARC = YES;
				CLANG_ENABLE_OBJC_WEAK = YES;
				CLANG_WARN_BLOCK_CAPTURE_AUTORELEASING = YES;
				CLANG_WARN_BOOL_CONVERSION = YES;
				CLANG_WARN_COMMA = YES;
				CLANG_WARN_CONSTANT_CONVERSION = YES;
				CLANG_WARN_DEPRECATED_OBJC_IMPLEMENTATIONS = YES;
				CLANG_WARN_DIRECT_OBJC_ISA_USAGE = YES_ERROR;
				CLANG_WARN_DOCUMENTATION_COMMENTS = YES;
				CLANG_WARN_EMPTY_BODY = YES;
				CLANG_WARN_ENUM_CONVERSION = YES;
				CLANG_WARN_INFINITE_RECURSION = YES;
				CLANG_WARN_INT_CONVERSION = YES;
				CLANG_WARN_NON_LITERAL_NULL_CONVERSION = YES;
				CLANG_WARN_OBJC_IMPLICIT_RETAIN_SELF = YES;
				CLANG_WARN_OBJC_LITERAL_CONVERSION = YES;
				CLANG_WARN_OBJC_ROOT_CLASS = YES_ERROR;
				CLANG_WARN_RANGE_LOOP_ANALYSIS = YES;
				CLANG_WARN_STRICT_PROTOTYPES = YES;
				CLANG_WARN_SUSPICIOUS_MOVE = YES;
				CLANG_WARN_UNGUARDED_AVAILABILITY = YES_AGGRESSIVE;
				CLANG_WARN_UNREACHABLE_CODE = YES;
				CLANG_WARN__DUPLICATE_METHOD_MATCH = YES;
				COPY_PHASE_STRIP = NO;
				DEBUG_INFORMATION_FORMAT = dwarf;
				ENABLE_STRICT_OBJC_MSGSEND = YES;
				ENABLE_TESTABILITY = YES;
				GCC_C_LANGUAGE_STANDARD = gnu11;
				GCC_DYNAMIC_NO_PIC = NO;
				GCC_NO_COMMON_BLOCKS = YES;
				GCC_OPTIMIZATION_LEVEL = 0;
				GCC_PREPROCESSOR_DEFINITIONS = (
					"DEBUG=1",
					"$(inherited)",
				);
				GCC_WARN_64_TO_32_BIT_CONVERSION = YES;
				GCC_WARN_ABOUT_RETURN_TYPE = YES_ERROR;
				GCC_WARN_UNDECLARED_SELECTOR = YES;
				GCC_WARN_UNINITIALIZED_AUTOS = YES_AGGRESSIVE;
				GCC_WARN_UNUSED_FUNCTION = YES;
				GCC_WARN_UNUSED_VARIABLE = YES;
				IPHONEOS_DEPLOYMENT_TARGET = 13.2;
				MTL_ENABLE_DEBUG_INFO = INCLUDE_SOURCE;
				MTL_FAST_MATH = YES;
				ONLY_ACTIVE_ARCH = YES;
				SDKROOT = iphoneos;
				SWIFT_ACTIVE_COMPILATION_CONDITIONS = DEBUG;
				SWIFT_OPTIMIZATION_LEVEL = "-Onone";
			};
			name = Debug;
		};
		FBCCC25D2535E3AD009E684D /* Release */ = {
			isa = XCBuildConfiguration;
			buildSettings = {
				ALWAYS_SEARCH_USER_PATHS = NO;
				CLANG_ANALYZER_NONNULL = YES;
				CLANG_ANALYZER_NUMBER_OBJECT_CONVERSION = YES_AGGRESSIVE;
				CLANG_CXX_LANGUAGE_STANDARD = "gnu++14";
				CLANG_CXX_LIBRARY = "libc++";
				CLANG_ENABLE_MODULES = YES;
				CLANG_ENABLE_OBJC_ARC = YES;
				CLANG_ENABLE_OBJC_WEAK = YES;
				CLANG_WARN_BLOCK_CAPTURE_AUTORELEASING = YES;
				CLANG_WARN_BOOL_CONVERSION = YES;
				CLANG_WARN_COMMA = YES;
				CLANG_WARN_CONSTANT_CONVERSION = YES;
				CLANG_WARN_DEPRECATED_OBJC_IMPLEMENTATIONS = YES;
				CLANG_WARN_DIRECT_OBJC_ISA_USAGE = YES_ERROR;
				CLANG_WARN_DOCUMENTATION_COMMENTS = YES;
				CLANG_WARN_EMPTY_BODY = YES;
				CLANG_WARN_ENUM_CONVERSION = YES;
				CLANG_WARN_INFINITE_RECURSION = YES;
				CLANG_WARN_INT_CONVERSION = YES;
				CLANG_WARN_NON_LITERAL_NULL_CONVERSION = YES;
				CLANG_WARN_OBJC_IMPLICIT_RETAIN_SELF = YES;
				CLANG_WARN_OBJC_LITERAL_CONVERSION = YES;
				CLANG_WARN_OBJC_ROOT_CLASS = YES_ERROR;
				CLANG_WARN_RANGE_LOOP_ANALYSIS = YES;
				CLANG_WARN_STRICT_PROTOTYPES = YES;
				CLANG_WARN_SUSPICIOUS_MOVE = YES;
				CLANG_WARN_UNGUARDED_AVAILABILITY = YES_AGGRESSIVE;
				CLANG_WARN_UNREACHABLE_CODE = YES;
				CLANG_WARN__DUPLICATE_METHOD_MATCH = YES;
				COPY_PHASE_STRIP = NO;
				DEBUG_INFORMATION_FORMAT = "dwarf-with-dsym";
				ENABLE_NS_ASSERTIONS = NO;
				ENABLE_STRICT_OBJC_MSGSEND = YES;
				GCC_C_LANGUAGE_STANDARD = gnu11;
				GCC_NO_COMMON_BLOCKS = YES;
				GCC_WARN_64_TO_32_BIT_CONVERSION = YES;
				GCC_WARN_ABOUT_RETURN_TYPE = YES_ERROR;
				GCC_WARN_UNDECLARED_SELECTOR = YES;
				GCC_WARN_UNINITIALIZED_AUTOS = YES_AGGRESSIVE;
				GCC_WARN_UNUSED_FUNCTION = YES;
				GCC_WARN_UNUSED_VARIABLE = YES;
				IPHONEOS_DEPLOYMENT_TARGET = 13.2;
				MTL_ENABLE_DEBUG_INFO = NO;
				MTL_FAST_MATH = YES;
				SDKROOT = iphoneos;
				SWIFT_COMPILATION_MODE = wholemodule;
				SWIFT_OPTIMIZATION_LEVEL = "-O";
				VALIDATE_PRODUCT = YES;
			};
			name = Release;
		};
		FBCCC25F2535E3AD009E684D /* Debug */ = {
			isa = XCBuildConfiguration;
			buildSettings = {
				ASSETCATALOG_COMPILER_APPICON_NAME = AppIcon;
				CODE_SIGN_STYLE = Automatic;
				DEVELOPMENT_ASSET_PATHS = "\"SwiftUI-Moonshot/Preview Content\"";
				ENABLE_PREVIEWS = YES;
				INFOPLIST_FILE = "SwiftUI-Moonshot/Info.plist";
				LD_RUNPATH_SEARCH_PATHS = (
					"$(inherited)",
					"@executable_path/Frameworks",
				);
				PRODUCT_BUNDLE_IDENTIFIER = "com.denizcengiz.SwiftUI-Moonshot";
				PRODUCT_NAME = "$(TARGET_NAME)";
				SWIFT_VERSION = 5.0;
				TARGETED_DEVICE_FAMILY = "1,2";
			};
			name = Debug;
		};
		FBCCC2602535E3AD009E684D /* Release */ = {
			isa = XCBuildConfiguration;
			buildSettings = {
				ASSETCATALOG_COMPILER_APPICON_NAME = AppIcon;
				CODE_SIGN_STYLE = Automatic;
				DEVELOPMENT_ASSET_PATHS = "\"SwiftUI-Moonshot/Preview Content\"";
				ENABLE_PREVIEWS = YES;
				INFOPLIST_FILE = "SwiftUI-Moonshot/Info.plist";
				LD_RUNPATH_SEARCH_PATHS = (
					"$(inherited)",
					"@executable_path/Frameworks",
				);
				PRODUCT_BUNDLE_IDENTIFIER = "com.denizcengiz.SwiftUI-Moonshot";
				PRODUCT_NAME = "$(TARGET_NAME)";
				SWIFT_VERSION = 5.0;
				TARGETED_DEVICE_FAMILY = "1,2";
			};
			name = Release;
		};
/* End XCBuildConfiguration section */

/* Begin XCConfigurationList section */
		FBCCC2452535E3AB009E684D /* Build configuration list for PBXProject "SwiftUI-Moonshot" */ = {
			isa = XCConfigurationList;
			buildConfigurations = (
				FBCCC25C2535E3AD009E684D /* Debug */,
				FBCCC25D2535E3AD009E684D /* Release */,
			);
			defaultConfigurationIsVisible = 0;
			defaultConfigurationName = Release;
		};
		FBCCC25E2535E3AD009E684D /* Build configuration list for PBXNativeTarget "SwiftUI-Moonshot" */ = {
			isa = XCConfigurationList;
			buildConfigurations = (
				FBCCC25F2535E3AD009E684D /* Debug */,
				FBCCC2602535E3AD009E684D /* Release */,
			);
			defaultConfigurationIsVisible = 0;
			defaultConfigurationName = Release;
		};
/* End XCConfigurationList section */
	};
	rootObject = FBCCC2422535E3AB009E684D /* Project object */;
}
